
Microsoft Visual Studio Solution File, Format Version 12.00
# Visual Studio 14
VisualStudioVersion = 14.0.25420.1
MinimumVisualStudioVersion = 10.0.40219.1
Project("{FAE04EC0-301F-11D3-BF4B-00C04F79EFBC}") = "MyCompany", "MyCompany\MyCompany.csproj", "{A68DF99A-5998-404D-8E1B-5192E2199B19}"
EndProject
Project("{FAE04EC0-301F-11D3-BF4B-00C04F79EFBC}") = "ClassLibrary1", "ClassLibrary1\ClassLibrary1.csproj", "{B25EB232-B37A-41EA-ADBB-8FB6A3359F18}"
EndProject
Project("{FAE04EC0-301F-11D3-BF4B-00C04F79EFBC}") = "ClassLibrary2", "ClassLibrary2\ClassLibrary2.csproj", "{187CE868-3FFA-4469-8912-D6759FB4293F}"
EndProject
Global
	GlobalSection(SolutionConfigurationPlatforms) = preSolution
		Debug|Any CPU = Debug|Any CPU
		Release|Any CPU = Release|Any CPU
	EndGlobalSection
	GlobalSection(ProjectConfigurationPlatforms) = postSolution
		{A68DF99A-5998-404D-8E1B-5192E2199B19}.Debug|Any CPU.ActiveCfg = Debug|Any CPU
		{A68DF99A-5998-404D-8E1B-5192E2199B19}.Debug|Any CPU.Build.0 = Debug|Any CPU
		{A68DF99A-5998-404D-8E1B-5192E2199B19}.Release|Any CPU.ActiveCfg = Release|Any CPU
		{A68DF99A-5998-404D-8E1B-5192E2199B19}.Release|Any CPU.Build.0 = Release|Any CPU
		{B25EB232-B37A-41EA-ADBB-8FB6A3359F18}.Debug|Any CPU.ActiveCfg = Debug|Any CPU
		{B25EB232-B37A-41EA-ADBB-8FB6A3359F18}.Debug|Any CPU.Build.0 = Debug|Any CPU
		{B25EB232-B37A-41EA-ADBB-8FB6A3359F18}.Release|Any CPU.ActiveCfg = Release|Any CPU
		{B25EB232-B37A-41EA-ADBB-8FB6A3359F18}.Release|Any CPU.Build.0 = Release|Any CPU
		{187CE868-3FFA-4469-8912-D6759FB4293F}.Debug|Any CPU.ActiveCfg = Debug|Any CPU
		{187CE868-3FFA-4469-8912-D6759FB4293F}.Debug|Any CPU.Build.0 = Debug|Any CPU
		{187CE868-3FFA-4469-8912-D6759FB4293F}.Release|Any CPU.ActiveCfg = Release|Any CPU
		{187CE868-3FFA-4469-8912-D6759FB4293F}.Release|Any CPU.Build.0 = Release|Any CPU
	EndGlobalSection
	GlobalSection(SolutionProperties) = preSolution
		HideSolutionNode = FALSE
	EndGlobalSection
EndGlobal
